<?xml version="1.0" encoding="utf-8"?>
<Project ToolsVersion="4.0" xmlns="http://schemas.microsoft.com/developer/msbuild/2003">
  <ItemGroup>
    <Filter Include="Source Files">
      <UniqueIdentifier>{4FC737F1-C7A5-4376-A066-2A32D752A2FF}</UniqueIdentifier>
      <Extensions>cpp;c;cc;cxx;def;odl;idl;hpj;bat;asm;asmx</Extensions>
    </Filter>
    <Filter Include="Header Files">
      <UniqueIdentifier>{93995380-89BD-4b04-88EB-625FBE52EBFB}</UniqueIdentifier>
      <Extensions>h;hh;hpp;hxx;hm;inl;inc;ipp;xsd</Extensions>
    </Filter>
    <Filter Include="Resource Files">
      <UniqueIdentifier>{67DA6AB6-F800-4c08-8B7A-83BB121AAD01}</UniqueIdentifier>
      <Extensions>rc;ico;cur;bmp;dlg;rc2;rct;bin;rgs;gif;jpg;jpeg;jpe;resx;tiff;tif;png;wav;mfcribbon-ms</Extensions>
    </Filter>
  </ItemGroup>
  <ItemGroup>
    <ClInclude Include="lib\patcher_x86.hpp">
      <Filter>Header Files</Filter>
    </ClInclude>
    <ClInclude Include="lib\H4API.hpp">
      <Filter>Header Files</Filter>
    </ClInclude>
    <ClInclude Include="lib\h4api\H4_Vector.hpp">
      <Filter>Header Files</Filter>
    </ClInclude>
    <ClInclude Include="lib\h4api\H4_Allocator.hpp">
      <Filter>Header Files</Filter>
    </ClInclude>
    <ClInclude Include="lib\h4api\H4_Base.hpp">
      <Filter>Header Files</Filter>
    </ClInclude>
    <ClInclude Include="lib\h4api\H4_Constants.hpp">
      <Filter>Header Files</Filter>
    </ClInclude>
    <ClInclude Include="lib\h4api\H4_Defines.hpp">
      <Filter>Header Files</Filter>
    </ClInclude>
    <ClInclude Include="lib\h4api\H4_Functions.hpp">
      <Filter>Header Files</Filter>
    </ClInclude>
    <ClInclude Include="lib\h4api\H4_Memory.hpp">
      <Filter>Header Files</Filter>
    </ClInclude>
    <ClInclude Include="lib\h4api\H4_Operators.hpp">
      <Filter>Header Files</Filter>
    </ClInclude>
    <ClInclude Include="lib\h4api\H4Allocator\H4Allocator.hpp">
      <Filter>Header Files</Filter>
    </ClInclude>
    <ClInclude Include="lib\h4api\H4Base\H4Base.hpp">
      <Filter>Header Files</Filter>
    </ClInclude>
    <ClInclude Include="lib\h4api\H4Defines\H4Defines.hpp">
      <Filter>Header Files</Filter>
    </ClInclude>
    <ClInclude Include="lib\h4api\H4Functions\H4Functions.hpp">
      <Filter>Header Files</Filter>
    </ClInclude>
    <ClInclude Include="lib\h4api\H4Memory\H4Memory.hpp">
      <Filter>Header Files</Filter>
    </ClInclude>
    <ClInclude Include="lib\h4api\H4Operators\H4Operators.hpp">
      <Filter>Header Files</Filter>
    </ClInclude>
    <ClInclude Include="lib\h4api\H4Vector\H4Vector.hpp">
      <Filter>Header Files</Filter>
    </ClInclude>
    <ClInclude Include="lib\h4api\H4_Core.hpp">
      <Filter>Header Files</Filter>
    </ClInclude>
    <ClInclude Include="lib\h4api\H4_Exception.hpp">
      <Filter>Header Files</Filter>
    </ClInclude>
    <ClInclude Include="lib\h4api\H4_Structures.hpp">
      <Filter>Header Files</Filter>
    </ClInclude>
    <ClInclude Include="lib\h4api\H4Structures\H4Structures.hpp">
      <Filter>Header Files</Filter>
    </ClInclude>
  </ItemGroup>
  <ItemGroup>
    <ClCompile Include="lib\h4api\H4Allocator\H4Allocator.cpp">
      <Filter>Source Files</Filter>
    </ClCompile>
    <ClCompile Include="lib\h4api\H4Base\H4Base.cpp">
      <Filter>Source Files</Filter>
    </ClCompile>
    <ClCompile Include="lib\h4api\H4Defines\H4Defines.cpp">
      <Filter>Source Files</Filter>
    </ClCompile>
    <ClCompile Include="lib\h4api\H4Functions\H4Functions.cpp">
      <Filter>Source Files</Filter>
    </ClCompile>
    <ClCompile Include="lib\h4api\H4Memory\H4Memory.cpp">
      <Filter>Source Files</Filter>
    </ClCompile>
    <ClCompile Include="lib\h4api\H4Operators\H4Operators.cpp">
      <Filter>Source Files</Filter>
    </ClCompile>
    <ClCompile Include="lib\h4api\H4Vector\H4Vector.cpp">
      <Filter>Source Files</Filter>
    </ClCompile>
    <ClCompile Include="lib\h4api\H4Structures\H4Structures.cpp">
      <Filter>Source Files</Filter>
    </ClCompile>
  </ItemGroup>
  <ItemGroup>
    <None Include="lib\h4api\H4Allocator\H4Allocator.inl">
      <Filter>Header Files</Filter>
    </None>
    <None Include="lib\h4api\H4Base\H4Base.inl">
      <Filter>Header Files</Filter>
    </None>
    <None Include="lib\h4api\H4Defines\H4Defines.inl">
      <Filter>Header Files</Filter>
    </None>
    <None Include="lib\h4api\H4Functions\H4Functions.inl">
      <Filter>Header Files</Filter>
    </None>
    <None Include="lib\h4api\H4Memory\H4Memory.inl">
      <Filter>Header Files</Filter>
    </None>
    <None Include="lib\h4api\H4Operators\H4Operators.inl">
      <Filter>Header Files</Filter>
    </None>
    <None Include="lib\h4api\H4Vector\H4Vector.inl">
      <Filter>Header Files</Filter>
    </None>
    <None Include="lib\h4api\H4Structures\H4Structures.inl">
      <Filter>Header Files</Filter>
    </None>
  </ItemGroup>
</Project>